
Microsoft Visual Studio Solution File, Format Version 12.00
# Visual Studio Version 16
VisualStudioVersion = 16.0.29609.76
MinimumVisualStudioVersion = 10.0.40219.1
Project("{FAE04EC0-301F-11D3-BF4B-00C04F79EFBC}") = "Mod1_Lab1", "Mod1_Lab1.csproj", "{51154EFF-86D4-4FEB-8466-79BE94A3BA94}"
EndProject
Global
	GlobalSection(SolutionConfigurationPlatforms) = preSolution
		Debug|Any CPU = Debug|Any CPU
		Release|Any CPU = Release|Any CPU
	EndGlobalSection
	GlobalSection(ProjectConfigurationPlatforms) = postSolution
		{51154EFF-86D4-4FEB-8466-79BE94A3BA94}.Debug|Any CPU.ActiveCfg = Debug|Any CPU
		{51154EFF-86D4-4FEB-8466-79BE94A3BA94}.Debug|Any CPU.Build.0 = Debug|Any CPU
		{51154EFF-86D4-4FEB-8466-79BE94A3BA94}.Release|Any CPU.ActiveCfg = Release|Any CPU
		{51154EFF-86D4-4FEB-8466-79BE94A3BA94}.Release|Any CPU.Build.0 = Release|Any CPU
	EndGlobalSection
	GlobalSection(SolutionProperties) = preSolution
		HideSolutionNode = FALSE
	EndGlobalSection
	GlobalSection(ExtensibilityGlobals) = postSolution
		SolutionGuid = {25F4CD19-06EB-43C6-BA48-18492FA517E2}
	EndGlobalSection
EndGlobal
