
Microsoft Visual Studio Solution File, Format Version 12.00
# Visual Studio Version 16
VisualStudioVersion = 16.0.29609.76
MinimumVisualStudioVersion = 10.0.40219.1
Project("{FAE04EC0-301F-11D3-BF4B-00C04F79EFBC}") = "Mod3_Lab1", "Mod3_Lab1.csproj", "{B172D6D5-02B3-4604-AF61-B786F7C18A6D}"
EndProject
Global
	GlobalSection(SolutionConfigurationPlatforms) = preSolution
		Debug|Any CPU = Debug|Any CPU
		Release|Any CPU = Release|Any CPU
	EndGlobalSection
	GlobalSection(ProjectConfigurationPlatforms) = postSolution
		{B172D6D5-02B3-4604-AF61-B786F7C18A6D}.Debug|Any CPU.ActiveCfg = Debug|Any CPU
		{B172D6D5-02B3-4604-AF61-B786F7C18A6D}.Debug|Any CPU.Build.0 = Debug|Any CPU
		{B172D6D5-02B3-4604-AF61-B786F7C18A6D}.Release|Any CPU.ActiveCfg = Release|Any CPU
		{B172D6D5-02B3-4604-AF61-B786F7C18A6D}.Release|Any CPU.Build.0 = Release|Any CPU
	EndGlobalSection
	GlobalSection(SolutionProperties) = preSolution
		HideSolutionNode = FALSE
	EndGlobalSection
	GlobalSection(ExtensibilityGlobals) = postSolution
		SolutionGuid = {4F3779FC-82D4-4422-81BB-DEF69C7A5BC1}
	EndGlobalSection
EndGlobal
