
Microsoft Visual Studio Solution File, Format Version 12.00
# Visual Studio Version 16
VisualStudioVersion = 16.0.29609.76
MinimumVisualStudioVersion = 10.0.40219.1
Project("{FAE04EC0-301F-11D3-BF4B-00C04F79EFBC}") = "Mod2_Lab2", "Mod2_Lab2.csproj", "{A7BB159E-7A72-4E15-A02B-B966EBA24DC9}"
EndProject
Global
	GlobalSection(SolutionConfigurationPlatforms) = preSolution
		Debug|Any CPU = Debug|Any CPU
		Release|Any CPU = Release|Any CPU
	EndGlobalSection
	GlobalSection(ProjectConfigurationPlatforms) = postSolution
		{A7BB159E-7A72-4E15-A02B-B966EBA24DC9}.Debug|Any CPU.ActiveCfg = Debug|Any CPU
		{A7BB159E-7A72-4E15-A02B-B966EBA24DC9}.Debug|Any CPU.Build.0 = Debug|Any CPU
		{A7BB159E-7A72-4E15-A02B-B966EBA24DC9}.Release|Any CPU.ActiveCfg = Release|Any CPU
		{A7BB159E-7A72-4E15-A02B-B966EBA24DC9}.Release|Any CPU.Build.0 = Release|Any CPU
	EndGlobalSection
	GlobalSection(SolutionProperties) = preSolution
		HideSolutionNode = FALSE
	EndGlobalSection
	GlobalSection(ExtensibilityGlobals) = postSolution
		SolutionGuid = {BE0F184E-0EB6-47EC-8624-AF761C126D9A}
	EndGlobalSection
EndGlobal
